
Microsoft Visual Studio Solution File, Format Version 12.00
# Visual Studio Version 17
VisualStudioVersion = 17.6.33829.357
MinimumVisualStudioVersion = 10.0.40219.1
Project("{9A19103F-16F7-4668-BE54-9A1E7A4F7556}") = "Lab1", "Lab1\Lab1.csproj", "{FF09BA59-50B9-4FEA-A260-D44FBDE1DBD5}"
EndProject
Project("{FAE04EC0-301F-11D3-BF4B-00C04F79EFBC}") = "Lab2", "..\Lab2\Lab2.csproj", "{4535FB72-775A-4FC4-9F85-413EBD50016E}"
EndProject
Global
	GlobalSection(SolutionConfigurationPlatforms) = preSolution
		Debug|Any CPU = Debug|Any CPU
		Release|Any CPU = Release|Any CPU
	EndGlobalSection
	GlobalSection(ProjectConfigurationPlatforms) = postSolution
		{FF09BA59-50B9-4FEA-A260-D44FBDE1DBD5}.Debug|Any CPU.ActiveCfg = Debug|Any CPU
		{FF09BA59-50B9-4FEA-A260-D44FBDE1DBD5}.Debug|Any CPU.Build.0 = Debug|Any CPU
		{FF09BA59-50B9-4FEA-A260-D44FBDE1DBD5}.Release|Any CPU.ActiveCfg = Release|Any CPU
		{FF09BA59-50B9-4FEA-A260-D44FBDE1DBD5}.Release|Any CPU.Build.0 = Release|Any CPU
		{4535FB72-775A-4FC4-9F85-413EBD50016E}.Debug|Any CPU.ActiveCfg = Debug|Any CPU
		{4535FB72-775A-4FC4-9F85-413EBD50016E}.Debug|Any CPU.Build.0 = Debug|Any CPU
		{4535FB72-775A-4FC4-9F85-413EBD50016E}.Release|Any CPU.ActiveCfg = Release|Any CPU
		{4535FB72-775A-4FC4-9F85-413EBD50016E}.Release|Any CPU.Build.0 = Release|Any CPU
	EndGlobalSection
	GlobalSection(SolutionProperties) = preSolution
		HideSolutionNode = FALSE
	EndGlobalSection
	GlobalSection(ExtensibilityGlobals) = postSolution
		SolutionGuid = {B6C31DAE-3A52-4CB7-8B27-DC0013638A20}
	EndGlobalSection
EndGlobal
